// !$*UTF8*$!
{
	archiveVersion = 1;
	classes = {
	};
	objectVersion = 60;
	objects = {

/* Begin PBXBuildFile section */
		64049F782CB08E72004832B1 /* Networking in Resources */ = {isa = PBXBuildFile; fileRef = 64049F772CB08E72004832B1 /* Networking */; };
		64C480AE2CB08A3F009BBF87 /* AppDelegate.swift in Sources */ = {isa = PBXBuildFile; fileRef = 64C480AD2CB08A3F009BBF87 /* AppDelegate.swift */; };
		64C480B02CB08A3F009BBF87 /* SceneDelegate.swift in Sources */ = {isa = PBXBuildFile; fileRef = 64C480AF2CB08A3F009BBF87 /* SceneDelegate.swift */; };
		64C480B22CB08A3F009BBF87 /* ViewController.swift in Sources */ = {isa = PBXBuildFile; fileRef = 64C480B12CB08A3F009BBF87 /* ViewController.swift */; };
		64C480B52CB08A3F009BBF87 /* Main.storyboard in Resources */ = {isa = PBXBuildFile; fileRef = 64C480B32CB08A3F009BBF87 /* Main.storyboard */; };
		64C480B72CB08A3F009BBF87 /* Assets.xcassets in Resources */ = {isa = PBXBuildFile; fileRef = 64C480B62CB08A3F009BBF87 /* Assets.xcassets */; };
		64C480BA2CB08A3F009BBF87 /* LaunchScreen.storyboard in Resources */ = {isa = PBXBuildFile; fileRef = 64C480B82CB08A3F009BBF87 /* LaunchScreen.storyboard */; };
		64C480C52CB08A40009BBF87 /* Rick_MortyTests.swift in Sources */ = {isa = PBXBuildFile; fileRef = 64C480C42CB08A40009BBF87 /* Rick_MortyTests.swift */; };
		64C480CF2CB08A40009BBF87 /* Rick_MortyUITests.swift in Sources */ = {isa = PBXBuildFile; fileRef = 64C480CE2CB08A40009BBF87 /* Rick_MortyUITests.swift */; };
		64C480D12CB08A40009BBF87 /* Rick_MortyUITestsLaunchTests.swift in Sources */ = {isa = PBXBuildFile; fileRef = 64C480D02CB08A40009BBF87 /* Rick_MortyUITestsLaunchTests.swift */; };
/* End PBXBuildFile section */

/* Begin PBXContainerItemProxy section */
		64C480C12CB08A40009BBF87 /* PBXContainerItemProxy */ = {
			isa = PBXContainerItemProxy;
			containerPortal = 64C480A22CB08A3F009BBF87 /* Project object */;
			proxyType = 1;
			remoteGlobalIDString = 64C480A92CB08A3F009BBF87;
			remoteInfo = "Rick&Morty";
		};
		64C480CB2CB08A40009BBF87 /* PBXContainerItemProxy */ = {
			isa = PBXContainerItemProxy;
			containerPortal = 64C480A22CB08A3F009BBF87 /* Project object */;
			proxyType = 1;
			remoteGlobalIDString = 64C480A92CB08A3F009BBF87;
			remoteInfo = "Rick&Morty";
		};
/* End PBXContainerItemProxy section */

/* Begin PBXFileReference section */
		64049F772CB08E72004832B1 /* Networking */ = {isa = PBXFileReference; lastKnownFileType = wrapper; path = Networking; sourceTree = "<group>"; };
		64C480AA2CB08A3F009BBF87 /* Rick&Morty.app */ = {isa = PBXFileReference; explicitFileType = wrapper.application; includeInIndex = 0; path = "Rick&Morty.app"; sourceTree = BUILT_PRODUCTS_DIR; };
		64C480AD2CB08A3F009BBF87 /* AppDelegate.swift */ = {isa = PBXFileReference; lastKnownFileType = sourcecode.swift; path = AppDelegate.swift; sourceTree = "<group>"; };
		64C480AF2CB08A3F009BBF87 /* SceneDelegate.swift */ = {isa = PBXFileReference; lastKnownFileType = sourcecode.swift; path = SceneDelegate.swift; sourceTree = "<group>"; };
		64C480B12CB08A3F009BBF87 /* ViewController.swift */ = {isa = PBXFileReference; lastKnownFileType = sourcecode.swift; path = ViewController.swift; sourceTree = "<group>"; };
		64C480B42CB08A3F009BBF87 /* Base */ = {isa = PBXFileReference; lastKnownFileType = file.storyboard; name = Base; path = Base.lproj/Main.storyboard; sourceTree = "<group>"; };
		64C480B62CB08A3F009BBF87 /* Assets.xcassets */ = {isa = PBXFileReference; lastKnownFileType = folder.assetcatalog; path = Assets.xcassets; sourceTree = "<group>"; };
		64C480B92CB08A3F009BBF87 /* Base */ = {isa = PBXFileReference; lastKnownFileType = file.storyboard; name = Base; path = Base.lproj/LaunchScreen.storyboard; sourceTree = "<group>"; };
		64C480BB2CB08A3F009BBF87 /* Info.plist */ = {isa = PBXFileReference; lastKnownFileType = text.plist.xml; path = Info.plist; sourceTree = "<group>"; };
		64C480C02CB08A40009BBF87 /* Rick&MortyTests.xctest */ = {isa = PBXFileReference; explicitFileType = wrapper.cfbundle; includeInIndex = 0; path = "Rick&MortyTests.xctest"; sourceTree = BUILT_PRODUCTS_DIR; };
		64C480C42CB08A40009BBF87 /* Rick_MortyTests.swift */ = {isa = PBXFileReference; lastKnownFileType = sourcecode.swift; path = Rick_MortyTests.swift; sourceTree = "<group>"; };
		64C480CA2CB08A40009BBF87 /* Rick&MortyUITests.xctest */ = {isa = PBXFileReference; explicitFileType = wrapper.cfbundle; includeInIndex = 0; path = "Rick&MortyUITests.xctest"; sourceTree = BUILT_PRODUCTS_DIR; };
		64C480CE2CB08A40009BBF87 /* Rick_MortyUITests.swift */ = {isa = PBXFileReference; lastKnownFileType = sourcecode.swift; path = Rick_MortyUITests.swift; sourceTree = "<group>"; };
		64C480D02CB08A40009BBF87 /* Rick_MortyUITestsLaunchTests.swift */ = {isa = PBXFileReference; lastKnownFileType = sourcecode.swift; path = Rick_MortyUITestsLaunchTests.swift; sourceTree = "<group>"; };
/* End PBXFileReference section */

/* Begin PBXFrameworksBuildPhase section */
		64C480A72CB08A3F009BBF87 /* Frameworks */ = {
			isa = PBXFrameworksBuildPhase;
			buildActionMask = 2147483647;
			files = (
			);
			runOnlyForDeploymentPostprocessing = 0;
		};
		64C480BD2CB08A40009BBF87 /* Frameworks */ = {
			isa = PBXFrameworksBuildPhase;
			buildActionMask = 2147483647;
			files = (
			);
			runOnlyForDeploymentPostprocessing = 0;
		};
		64C480C72CB08A40009BBF87 /* Frameworks */ = {
			isa = PBXFrameworksBuildPhase;
			buildActionMask = 2147483647;
			files = (
			);
			runOnlyForDeploymentPostprocessing = 0;
		};
/* End PBXFrameworksBuildPhase section */

/* Begin PBXGroup section */
		64C480A12CB08A3F009BBF87 = {
			isa = PBXGroup;
			children = (
				64C480DD2CB08BBB009BBF87 /* Packages */,
				64C480AC2CB08A3F009BBF87 /* Rick&Morty */,
				64C480C32CB08A40009BBF87 /* Rick&MortyTests */,
				64C480CD2CB08A40009BBF87 /* Rick&MortyUITests */,
				64C480AB2CB08A3F009BBF87 /* Products */,
			);
			sourceTree = "<group>";
		};
		64C480AB2CB08A3F009BBF87 /* Products */ = {
			isa = PBXGroup;
			children = (
				64C480AA2CB08A3F009BBF87 /* Rick&Morty.app */,
				64C480C02CB08A40009BBF87 /* Rick&MortyTests.xctest */,
				64C480CA2CB08A40009BBF87 /* Rick&MortyUITests.xctest */,
			);
			name = Products;
			sourceTree = "<group>";
		};
		64C480AC2CB08A3F009BBF87 /* Rick&Morty */ = {
			isa = PBXGroup;
			children = (
				64C480AD2CB08A3F009BBF87 /* AppDelegate.swift */,
				64C480AF2CB08A3F009BBF87 /* SceneDelegate.swift */,
				64C480B12CB08A3F009BBF87 /* ViewController.swift */,
				64C480B32CB08A3F009BBF87 /* Main.storyboard */,
				64C480B62CB08A3F009BBF87 /* Assets.xcassets */,
				64C480B82CB08A3F009BBF87 /* LaunchScreen.storyboard */,
				64C480BB2CB08A3F009BBF87 /* Info.plist */,
			);
			path = "Rick&Morty";
			sourceTree = "<group>";
		};
		64C480C32CB08A40009BBF87 /* Rick&MortyTests */ = {
			isa = PBXGroup;
			children = (
				64C480C42CB08A40009BBF87 /* Rick_MortyTests.swift */,
			);
			path = "Rick&MortyTests";
			sourceTree = "<group>";
		};
		64C480CD2CB08A40009BBF87 /* Rick&MortyUITests */ = {
			isa = PBXGroup;
			children = (
				64C480CE2CB08A40009BBF87 /* Rick_MortyUITests.swift */,
				64C480D02CB08A40009BBF87 /* Rick_MortyUITestsLaunchTests.swift */,
			);
			path = "Rick&MortyUITests";
			sourceTree = "<group>";
		};
		64C480DD2CB08BBB009BBF87 /* Packages */ = {
			isa = PBXGroup;
			children = (
				64049F772CB08E72004832B1 /* Networking */,
			);
			path = Packages;
			sourceTree = "<group>";
		};
/* End PBXGroup section */

/* Begin PBXNativeTarget section */
		64C480A92CB08A3F009BBF87 /* Rick&Morty */ = {
			isa = PBXNativeTarget;
			buildConfigurationList = 64C480D42CB08A40009BBF87 /* Build configuration list for PBXNativeTarget "Rick&Morty" */;
			buildPhases = (
				64C480A62CB08A3F009BBF87 /* Sources */,
				64C480A72CB08A3F009BBF87 /* Frameworks */,
				64C480A82CB08A3F009BBF87 /* Resources */,
			);
			buildRules = (
			);
			dependencies = (
			);
			name = "Rick&Morty";
			packageProductDependencies = (
			);
			productName = "Rick&Morty";
			productReference = 64C480AA2CB08A3F009BBF87 /* Rick&Morty.app */;
			productType = "com.apple.product-type.application";
		};
		64C480BF2CB08A40009BBF87 /* Rick&MortyTests */ = {
			isa = PBXNativeTarget;
			buildConfigurationList = 64C480D72CB08A40009BBF87 /* Build configuration list for PBXNativeTarget "Rick&MortyTests" */;
			buildPhases = (
				64C480BC2CB08A40009BBF87 /* Sources */,
				64C480BD2CB08A40009BBF87 /* Frameworks */,
				64C480BE2CB08A40009BBF87 /* Resources */,
			);
			buildRules = (
			);
			dependencies = (
				64C480C22CB08A40009BBF87 /* PBXTargetDependency */,
			);
			name = "Rick&MortyTests";
			productName = "Rick&MortyTests";
			productReference = 64C480C02CB08A40009BBF87 /* Rick&MortyTests.xctest */;
			productType = "com.apple.product-type.bundle.unit-test";
		};
		64C480C92CB08A40009BBF87 /* Rick&MortyUITests */ = {
			isa = PBXNativeTarget;
			buildConfigurationList = 64C480DA2CB08A40009BBF87 /* Build configuration list for PBXNativeTarget "Rick&MortyUITests" */;
			buildPhases = (
				64C480C62CB08A40009BBF87 /* Sources */,
				64C480C72CB08A40009BBF87 /* Frameworks */,
				64C480C82CB08A40009BBF87 /* Resources */,
			);
			buildRules = (
			);
			dependencies = (
				64C480CC2CB08A40009BBF87 /* PBXTargetDependency */,
			);
			name = "Rick&MortyUITests";
			productName = "Rick&MortyUITests";
			productReference = 64C480CA2CB08A40009BBF87 /* Rick&MortyUITests.xctest */;
			productType = "com.apple.product-type.bundle.ui-testing";
		};
/* End PBXNativeTarget section */

/* Begin PBXProject section */
		64C480A22CB08A3F009BBF87 /* Project object */ = {
			isa = PBXProject;
			attributes = {
				BuildIndependentTargetsInParallel = 1;
				LastSwiftUpdateCheck = 1500;
				LastUpgradeCheck = 1500;
				TargetAttributes = {
					64C480A92CB08A3F009BBF87 = {
						CreatedOnToolsVersion = 15.0;
					};
					64C480BF2CB08A40009BBF87 = {
						CreatedOnToolsVersion = 15.0;
						TestTargetID = 64C480A92CB08A3F009BBF87;
					};
					64C480C92CB08A40009BBF87 = {
						CreatedOnToolsVersion = 15.0;
						TestTargetID = 64C480A92CB08A3F009BBF87;
					};
				};
			};
			buildConfigurationList = 64C480A52CB08A3F009BBF87 /* Build configuration list for PBXProject "Rick&Morty" */;
			compatibilityVersion = "Xcode 14.0";
			developmentRegion = en;
			hasScannedForEncodings = 0;
			knownRegions = (
				en,
				Base,
			);
			mainGroup = 64C480A12CB08A3F009BBF87;
			packageReferences = (
				64C480DE2CB08CF0009BBF87 /* XCLocalSwiftPackageReference "Networking" */,
			);
			productRefGroup = 64C480AB2CB08A3F009BBF87 /* Products */;
			projectDirPath = "";
			projectRoot = "";
			targets = (
				64C480A92CB08A3F009BBF87 /* Rick&Morty */,
				64C480BF2CB08A40009BBF87 /* Rick&MortyTests */,
				64C480C92CB08A40009BBF87 /* Rick&MortyUITests */,
			);
		};
/* End PBXProject section */

/* Begin PBXResourcesBuildPhase section */
		64C480A82CB08A3F009BBF87 /* Resources */ = {
			isa = PBXResourcesBuildPhase;
			buildActionMask = 2147483647;
			files = (
				64C480BA2CB08A3F009BBF87 /* LaunchScreen.storyboard in Resources */,
				64C480B72CB08A3F009BBF87 /* Assets.xcassets in Resources */,
				64049F782CB08E72004832B1 /* Networking in Resources */,
				64C480B52CB08A3F009BBF87 /* Main.storyboard in Resources */,
			);
			runOnlyForDeploymentPostprocessing = 0;
		};
		64C480BE2CB08A40009BBF87 /* Resources */ = {
			isa = PBXResourcesBuildPhase;
			buildActionMask = 2147483647;
			files = (
			);
			runOnlyForDeploymentPostprocessing = 0;
		};
		64C480C82CB08A40009BBF87 /* Resources */ = {
			isa = PBXResourcesBuildPhase;
			buildActionMask = 2147483647;
			files = (
			);
			runOnlyForDeploymentPostprocessing = 0;
		};
/* End PBXResourcesBuildPhase section */

/* Begin PBXSourcesBuildPhase section */
		64C480A62CB08A3F009BBF87 /* Sources */ = {
			isa = PBXSourcesBuildPhase;
			buildActionMask = 2147483647;
			files = (
				64C480B22CB08A3F009BBF87 /* ViewController.swift in Sources */,
				64C480AE2CB08A3F009BBF87 /* AppDelegate.swift in Sources */,
				64C480B02CB08A3F009BBF87 /* SceneDelegate.swift in Sources */,
			);
			runOnlyForDeploymentPostprocessing = 0;
		};
		64C480BC2CB08A40009BBF87 /* Sources */ = {
			isa = PBXSourcesBuildPhase;
			buildActionMask = 2147483647;
			files = (
				64C480C52CB08A40009BBF87 /* Rick_MortyTests.swift in Sources */,
			);
			runOnlyForDeploymentPostprocessing = 0;
		};
		64C480C62CB08A40009BBF87 /* Sources */ = {
			isa = PBXSourcesBuildPhase;
			buildActionMask = 2147483647;
			files = (
				64C480CF2CB08A40009BBF87 /* Rick_MortyUITests.swift in Sources */,
				64C480D12CB08A40009BBF87 /* Rick_MortyUITestsLaunchTests.swift in Sources */,
			);
			runOnlyForDeploymentPostprocessing = 0;
		};
/* End PBXSourcesBuildPhase section */

/* Begin PBXTargetDependency section */
		64C480C22CB08A40009BBF87 /* PBXTargetDependency */ = {
			isa = PBXTargetDependency;
			target = 64C480A92CB08A3F009BBF87 /* Rick&Morty */;
			targetProxy = 64C480C12CB08A40009BBF87 /* PBXContainerItemProxy */;
		};
		64C480CC2CB08A40009BBF87 /* PBXTargetDependency */ = {
			isa = PBXTargetDependency;
			target = 64C480A92CB08A3F009BBF87 /* Rick&Morty */;
			targetProxy = 64C480CB2CB08A40009BBF87 /* PBXContainerItemProxy */;
		};
/* End PBXTargetDependency section */

/* Begin PBXVariantGroup section */
		64C480B32CB08A3F009BBF87 /* Main.storyboard */ = {
			isa = PBXVariantGroup;
			children = (
				64C480B42CB08A3F009BBF87 /* Base */,
			);
			name = Main.storyboard;
			sourceTree = "<group>";
		};
		64C480B82CB08A3F009BBF87 /* LaunchScreen.storyboard */ = {
			isa = PBXVariantGroup;
			children = (
				64C480B92CB08A3F009BBF87 /* Base */,
			);
			name = LaunchScreen.storyboard;
			sourceTree = "<group>";
		};
/* End PBXVariantGroup section */

/* Begin XCBuildConfiguration section */
		64C480D22CB08A40009BBF87 /* Debug */ = {
			isa = XCBuildConfiguration;
			buildSettings = {
				ALWAYS_SEARCH_USER_PATHS = NO;
				ASSETCATALOG_COMPILER_GENERATE_SWIFT_ASSET_SYMBOL_EXTENSIONS = YES;
				CLANG_ANALYZER_NONNULL = YES;
				CLANG_ANALYZER_NUMBER_OBJECT_CONVERSION = YES_AGGRESSIVE;
				CLANG_CXX_LANGUAGE_STANDARD = "gnu++20";
				CLANG_ENABLE_MODULES = YES;
				CLANG_ENABLE_OBJC_ARC = YES;
				CLANG_ENABLE_OBJC_WEAK = YES;
				CLANG_WARN_BLOCK_CAPTURE_AUTORELEASING = YES;
				CLANG_WARN_BOOL_CONVERSION = YES;
				CLANG_WARN_COMMA = YES;
				CLANG_WARN_CONSTANT_CONVERSION = YES;
				CLANG_WARN_DEPRECATED_OBJC_IMPLEMENTATIONS = YES;
				CLANG_WARN_DIRECT_OBJC_ISA_USAGE = YES_ERROR;
				CLANG_WARN_DOCUMENTATION_COMMENTS = YES;
				CLANG_WARN_EMPTY_BODY = YES;
				CLANG_WARN_ENUM_CONVERSION = YES;
				CLANG_WARN_INFINITE_RECURSION = YES;
				CLANG_WARN_INT_CONVERSION = YES;
				CLANG_WARN_NON_LITERAL_NULL_CONVERSION = YES;
				CLANG_WARN_OBJC_IMPLICIT_RETAIN_SELF = YES;
				CLANG_WARN_OBJC_LITERAL_CONVERSION = YES;
				CLANG_WARN_OBJC_ROOT_CLASS = YES_ERROR;
				CLANG_WARN_QUOTED_INCLUDE_IN_FRAMEWORK_HEADER = YES;
				CLANG_WARN_RANGE_LOOP_ANALYSIS = YES;
				CLANG_WARN_STRICT_PROTOTYPES = YES;
				CLANG_WARN_SUSPICIOUS_MOVE = YES;
				CLANG_WARN_UNGUARDED_AVAILABILITY = YES_AGGRESSIVE;
				CLANG_WARN_UNREACHABLE_CODE = YES;
				CLANG_WARN__DUPLICATE_METHOD_MATCH = YES;
				COPY_PHASE_STRIP = NO;
				DEBUG_INFORMATION_FORMAT = dwarf;
				ENABLE_STRICT_OBJC_MSGSEND = YES;
				ENABLE_TESTABILITY = YES;
				ENABLE_USER_SCRIPT_SANDBOXING = YES;
				GCC_C_LANGUAGE_STANDARD = gnu17;
				GCC_DYNAMIC_NO_PIC = NO;
				GCC_NO_COMMON_BLOCKS = YES;
				GCC_OPTIMIZATION_LEVEL = 0;
				GCC_PREPROCESSOR_DEFINITIONS = (
					"DEBUG=1",
					"$(inherited)",
				);
				GCC_WARN_64_TO_32_BIT_CONVERSION = YES;
				GCC_WARN_ABOUT_RETURN_TYPE = YES_ERROR;
				GCC_WARN_UNDECLARED_SELECTOR = YES;
				GCC_WARN_UNINITIALIZED_AUTOS = YES_AGGRESSIVE;
				GCC_WARN_UNUSED_FUNCTION = YES;
				GCC_WARN_UNUSED_VARIABLE = YES;
				IPHONEOS_DEPLOYMENT_TARGET = 17.0;
				LOCALIZATION_PREFERS_STRING_CATALOGS = YES;
				MTL_ENABLE_DEBUG_INFO = INCLUDE_SOURCE;
				MTL_FAST_MATH = YES;
				ONLY_ACTIVE_ARCH = YES;
				SDKROOT = iphoneos;
				SWIFT_ACTIVE_COMPILATION_CONDITIONS = "DEBUG $(inherited)";
				SWIFT_OPTIMIZATION_LEVEL = "-Onone";
			};
			name = Debug;
		};
		64C480D32CB08A40009BBF87 /* Release */ = {
			isa = XCBuildConfiguration;
			buildSettings = {
				ALWAYS_SEARCH_USER_PATHS = NO;
				ASSETCATALOG_COMPILER_GENERATE_SWIFT_ASSET_SYMBOL_EXTENSIONS = YES;
				CLANG_ANALYZER_NONNULL = YES;
				CLANG_ANALYZER_NUMBER_OBJECT_CONVERSION = YES_AGGRESSIVE;
				CLANG_CXX_LANGUAGE_STANDARD = "gnu++20";
				CLANG_ENABLE_MODULES = YES;
				CLANG_ENABLE_OBJC_ARC = YES;
				CLANG_ENABLE_OBJC_WEAK = YES;
				CLANG_WARN_BLOCK_CAPTURE_AUTORELEASING = YES;
				CLANG_WARN_BOOL_CONVERSION = YES;
				CLANG_WARN_COMMA = YES;
				CLANG_WARN_CONSTANT_CONVERSION = YES;
				CLANG_WARN_DEPRECATED_OBJC_IMPLEMENTATIONS = YES;
				CLANG_WARN_DIRECT_OBJC_ISA_USAGE = YES_ERROR;
				CLANG_WARN_DOCUMENTATION_COMMENTS = YES;
				CLANG_WARN_EMPTY_BODY = YES;
				CLANG_WARN_ENUM_CONVERSION = YES;
				CLANG_WARN_INFINITE_RECURSION = YES;
				CLANG_WARN_INT_CONVERSION = YES;
				CLANG_WARN_NON_LITERAL_NULL_CONVERSION = YES;
				CLANG_WARN_OBJC_IMPLICIT_RETAIN_SELF = YES;
				CLANG_WARN_OBJC_LITERAL_CONVERSION = YES;
				CLANG_WARN_OBJC_ROOT_CLASS = YES_ERROR;
				CLANG_WARN_QUOTED_INCLUDE_IN_FRAMEWORK_HEADER = YES;
				CLANG_WARN_RANGE_LOOP_ANALYSIS = YES;
				CLANG_WARN_STRICT_PROTOTYPES = YES;
				CLANG_WARN_SUSPICIOUS_MOVE = YES;
				CLANG_WARN_UNGUARDED_AVAILABILITY = YES_AGGRESSIVE;
				CLANG_WARN_UNREACHABLE_CODE = YES;
				CLANG_WARN__DUPLICATE_METHOD_MATCH = YES;
				COPY_PHASE_STRIP = NO;
				DEBUG_INFORMATION_FORMAT = "dwarf-with-dsym";
				ENABLE_NS_ASSERTIONS = NO;
				ENABLE_STRICT_OBJC_MSGSEND = YES;
				ENABLE_USER_SCRIPT_SANDBOXING = YES;
				GCC_C_LANGUAGE_STANDARD = gnu17;
				GCC_NO_COMMON_BLOCKS = YES;
				GCC_WARN_64_TO_32_BIT_CONVERSION = YES;
				GCC_WARN_ABOUT_RETURN_TYPE = YES_ERROR;
				GCC_WARN_UNDECLARED_SELECTOR = YES;
				GCC_WARN_UNINITIALIZED_AUTOS = YES_AGGRESSIVE;
				GCC_WARN_UNUSED_FUNCTION = YES;
				GCC_WARN_UNUSED_VARIABLE = YES;
				IPHONEOS_DEPLOYMENT_TARGET = 17.0;
				LOCALIZATION_PREFERS_STRING_CATALOGS = YES;
				MTL_ENABLE_DEBUG_INFO = NO;
				MTL_FAST_MATH = YES;
				SDKROOT = iphoneos;
				SWIFT_COMPILATION_MODE = wholemodule;
				VALIDATE_PRODUCT = YES;
			};
			name = Release;
		};
		64C480D52CB08A40009BBF87 /* Debug */ = {
			isa = XCBuildConfiguration;
			buildSettings = {
				ASSETCATALOG_COMPILER_APPICON_NAME = AppIcon;
				ASSETCATALOG_COMPILER_GLOBAL_ACCENT_COLOR_NAME = AccentColor;
				CODE_SIGN_STYLE = Automatic;
				CURRENT_PROJECT_VERSION = 1;
				DEVELOPMENT_TEAM = WL24K46YGJ;
				GENERATE_INFOPLIST_FILE = YES;
				INFOPLIST_FILE = "Rick&Morty/Info.plist";
				INFOPLIST_KEY_LSApplicationCategoryType = "public.app-category.productivity";
				INFOPLIST_KEY_UIApplicationSupportsIndirectInputEvents = YES;
				INFOPLIST_KEY_UILaunchStoryboardName = LaunchScreen;
				INFOPLIST_KEY_UIMainStoryboardFile = Main;
				INFOPLIST_KEY_UISupportedInterfaceOrientations_iPad = "UIInterfaceOrientationPortrait UIInterfaceOrientationPortraitUpsideDown UIInterfaceOrientationLandscapeLeft UIInterfaceOrientationLandscapeRight";
				INFOPLIST_KEY_UISupportedInterfaceOrientations_iPhone = "UIInterfaceOrientationPortrait UIInterfaceOrientationLandscapeLeft UIInterfaceOrientationLandscapeRight";
				IPHONEOS_DEPLOYMENT_TARGET = 17.0;
				LD_RUNPATH_SEARCH_PATHS = (
					"$(inherited)",
					"@executable_path/Frameworks",
				);
				MARKETING_VERSION = 1.0;
				PRODUCT_BUNDLE_IDENTIFIER = "w-tech.com.Rick-Morty";
				PRODUCT_NAME = "$(TARGET_NAME)";
				SWIFT_EMIT_LOC_STRINGS = YES;
				SWIFT_VERSION = 5.0;
				TARGETED_DEVICE_FAMILY = "1,2";
			};
			name = Debug;
		};
		64C480D62CB08A40009BBF87 /* Release */ = {
			isa = XCBuildConfiguration;
			buildSettings = {
				ASSETCATALOG_COMPILER_APPICON_NAME = AppIcon;
				ASSETCATALOG_COMPILER_GLOBAL_ACCENT_COLOR_NAME = AccentColor;
				CODE_SIGN_STYLE = Automatic;
				CURRENT_PROJECT_VERSION = 1;
				DEVELOPMENT_TEAM = WL24K46YGJ;
				GENERATE_INFOPLIST_FILE = YES;
				INFOPLIST_FILE = "Rick&Morty/Info.plist";
				INFOPLIST_KEY_LSApplicationCategoryType = "public.app-category.productivity";
				INFOPLIST_KEY_UIApplicationSupportsIndirectInputEvents = YES;
				INFOPLIST_KEY_UILaunchStoryboardName = LaunchScreen;
				INFOPLIST_KEY_UIMainStoryboardFile = Main;
				INFOPLIST_KEY_UISupportedInterfaceOrientations_iPad = "UIInterfaceOrientationPortrait UIInterfaceOrientationPortraitUpsideDown UIInterfaceOrientationLandscapeLeft UIInterfaceOrientationLandscapeRight";
				INFOPLIST_KEY_UISupportedInterfaceOrientations_iPhone = "UIInterfaceOrientationPortrait UIInterfaceOrientationLandscapeLeft UIInterfaceOrientationLandscapeRight";
				IPHONEOS_DEPLOYMENT_TARGET = 17.0;
				LD_RUNPATH_SEARCH_PATHS = (
					"$(inherited)",
					"@executable_path/Frameworks",
				);
				MARKETING_VERSION = 1.0;
				PRODUCT_BUNDLE_IDENTIFIER = "w-tech.com.Rick-Morty";
				PRODUCT_NAME = "$(TARGET_NAME)";
				SWIFT_EMIT_LOC_STRINGS = YES;
				SWIFT_VERSION = 5.0;
				TARGETED_DEVICE_FAMILY = "1,2";
			};
			name = Release;
		};
		64C480D82CB08A40009BBF87 /* Debug */ = {
			isa = XCBuildConfiguration;
			buildSettings = {
				ALWAYS_EMBED_SWIFT_STANDARD_LIBRARIES = YES;
				BUNDLE_LOADER = "$(TEST_HOST)";
				CODE_SIGN_STYLE = Automatic;
				CURRENT_PROJECT_VERSION = 1;
				DEVELOPMENT_TEAM = WL24K46YGJ;
				GENERATE_INFOPLIST_FILE = YES;
				IPHONEOS_DEPLOYMENT_TARGET = 17.0;
				MARKETING_VERSION = 1.0;
				PRODUCT_BUNDLE_IDENTIFIER = "w-tech.com.Rick-MortyTests";
				PRODUCT_NAME = "$(TARGET_NAME)";
				SWIFT_EMIT_LOC_STRINGS = NO;
				SWIFT_VERSION = 5.0;
				TARGETED_DEVICE_FAMILY = "1,2";
				TEST_HOST = "$(BUILT_PRODUCTS_DIR)/Rick&Morty.app/$(BUNDLE_EXECUTABLE_FOLDER_PATH)/Rick&Morty";
			};
			name = Debug;
		};
		64C480D92CB08A40009BBF87 /* Release */ = {
			isa = XCBuildConfiguration;
			buildSettings = {
				ALWAYS_EMBED_SWIFT_STANDARD_LIBRARIES = YES;
				BUNDLE_LOADER = "$(TEST_HOST)";
				CODE_SIGN_STYLE = Automatic;
				CURRENT_PROJECT_VERSION = 1;
				DEVELOPMENT_TEAM = WL24K46YGJ;
				GENERATE_INFOPLIST_FILE = YES;
				IPHONEOS_DEPLOYMENT_TARGET = 17.0;
				MARKETING_VERSION = 1.0;
				PRODUCT_BUNDLE_IDENTIFIER = "w-tech.com.Rick-MortyTests";
				PRODUCT_NAME = "$(TARGET_NAME)";
				SWIFT_EMIT_LOC_STRINGS = NO;
				SWIFT_VERSION = 5.0;
				TARGETED_DEVICE_FAMILY = "1,2";
				TEST_HOST = "$(BUILT_PRODUCTS_DIR)/Rick&Morty.app/$(BUNDLE_EXECUTABLE_FOLDER_PATH)/Rick&Morty";
			};
			name = Release;
		};
		64C480DB2CB08A40009BBF87 /* Debug */ = {
			isa = XCBuildConfiguration;
			buildSettings = {
				ALWAYS_EMBED_SWIFT_STANDARD_LIBRARIES = YES;
				CODE_SIGN_STYLE = Automatic;
				CURRENT_PROJECT_VERSION = 1;
				DEVELOPMENT_TEAM = WL24K46YGJ;
				GENERATE_INFOPLIST_FILE = YES;
				MARKETING_VERSION = 1.0;
				PRODUCT_BUNDLE_IDENTIFIER = "w-tech.com.Rick-MortyUITests";
				PRODUCT_NAME = "$(TARGET_NAME)";
				SWIFT_EMIT_LOC_STRINGS = NO;
				SWIFT_VERSION = 5.0;
				TARGETED_DEVICE_FAMILY = "1,2";
				TEST_TARGET_NAME = "Rick&Morty";
			};
			name = Debug;
		};
		64C480DC2CB08A40009BBF87 /* Release */ = {
			isa = XCBuildConfiguration;
			buildSettings = {
				ALWAYS_EMBED_SWIFT_STANDARD_LIBRARIES = YES;
				CODE_SIGN_STYLE = Automatic;
				CURRENT_PROJECT_VERSION = 1;
				DEVELOPMENT_TEAM = WL24K46YGJ;
				GENERATE_INFOPLIST_FILE = YES;
				MARKETING_VERSION = 1.0;
				PRODUCT_BUNDLE_IDENTIFIER = "w-tech.com.Rick-MortyUITests";
				PRODUCT_NAME = "$(TARGET_NAME)";
				SWIFT_EMIT_LOC_STRINGS = NO;
				SWIFT_VERSION = 5.0;
				TARGETED_DEVICE_FAMILY = "1,2";
				TEST_TARGET_NAME = "Rick&Morty";
			};
			name = Release;
		};
/* End XCBuildConfiguration section */

/* Begin XCConfigurationList section */
		64C480A52CB08A3F009BBF87 /* Build configuration list for PBXProject "Rick&Morty" */ = {
			isa = XCConfigurationList;
			buildConfigurations = (
				64C480D22CB08A40009BBF87 /* Debug */,
				64C480D32CB08A40009BBF87 /* Release */,
			);
			defaultConfigurationIsVisible = 0;
			defaultConfigurationName = Release;
		};
		64C480D42CB08A40009BBF87 /* Build configuration list for PBXNativeTarget "Rick&Morty" */ = {
			isa = XCConfigurationList;
			buildConfigurations = (
				64C480D52CB08A40009BBF87 /* Debug */,
				64C480D62CB08A40009BBF87 /* Release */,
			);
			defaultConfigurationIsVisible = 0;
			defaultConfigurationName = Release;
		};
		64C480D72CB08A40009BBF87 /* Build configuration list for PBXNativeTarget "Rick&MortyTests" */ = {
			isa = XCConfigurationList;
			buildConfigurations = (
				64C480D82CB08A40009BBF87 /* Debug */,
				64C480D92CB08A40009BBF87 /* Release */,
			);
			defaultConfigurationIsVisible = 0;
			defaultConfigurationName = Release;
		};
		64C480DA2CB08A40009BBF87 /* Build configuration list for PBXNativeTarget "Rick&MortyUITests" */ = {
			isa = XCConfigurationList;
			buildConfigurations = (
				64C480DB2CB08A40009BBF87 /* Debug */,
				64C480DC2CB08A40009BBF87 /* Release */,
			);
			defaultConfigurationIsVisible = 0;
			defaultConfigurationName = Release;
		};
/* End XCConfigurationList section */

/* Begin XCLocalSwiftPackageReference section */
		64C480DE2CB08CF0009BBF87 /* XCLocalSwiftPackageReference "Networking" */ = {
			isa = XCLocalSwiftPackageReference;
			relativePath = Networking;
		};
/* End XCLocalSwiftPackageReference section */
	};
	rootObject = 64C480A22CB08A3F009BBF87 /* Project object */;
}
